
Microsoft Visual Studio Solution File, Format Version 12.00
# Visual Studio Version 16
VisualStudioVersion = 16.0.31515.178
MinimumVisualStudioVersion = 10.0.40219.1
Project("{FAE04EC0-301F-11D3-BF4B-00C04F79EFBC}") = "CabGo Connected", "OnlineCabBooking\CabGo Connected.csproj", "{7EA89BC0-56F7-4FBE-915C-0F2734E0D35F}"
EndProject
Project("{FAE04EC0-301F-11D3-BF4B-00C04F79EFBC}") = "BusinessEntities", "BusinessEntities\BusinessEntities.csproj", "{1B2210C9-DF14-434A-AC75-4612CB69EF0B}"
EndProject
Project("{FAE04EC0-301F-11D3-BF4B-00C04F79EFBC}") = "DataAccessLayer", "DataAccessLayer\DataAccessLayer.csproj", "{B80F0BB4-08BF-47CF-89E3-B490F9D79A67}"
EndProject
Project("{FAE04EC0-301F-11D3-BF4B-00C04F79EFBC}") = "Exceptions", "Exceptions\Exceptions.csproj", "{C1207E74-AEF7-439B-8231-480C2E1B7213}"
EndProject
Global
	GlobalSection(SolutionConfigurationPlatforms) = preSolution
		Debug|Any CPU = Debug|Any CPU
		Release|Any CPU = Release|Any CPU
	EndGlobalSection
	GlobalSection(ProjectConfigurationPlatforms) = postSolution
		{7EA89BC0-56F7-4FBE-915C-0F2734E0D35F}.Debug|Any CPU.ActiveCfg = Debug|Any CPU
		{7EA89BC0-56F7-4FBE-915C-0F2734E0D35F}.Debug|Any CPU.Build.0 = Debug|Any CPU
		{7EA89BC0-56F7-4FBE-915C-0F2734E0D35F}.Release|Any CPU.ActiveCfg = Release|Any CPU
		{7EA89BC0-56F7-4FBE-915C-0F2734E0D35F}.Release|Any CPU.Build.0 = Release|Any CPU
		{1B2210C9-DF14-434A-AC75-4612CB69EF0B}.Debug|Any CPU.ActiveCfg = Debug|Any CPU
		{1B2210C9-DF14-434A-AC75-4612CB69EF0B}.Debug|Any CPU.Build.0 = Debug|Any CPU
		{1B2210C9-DF14-434A-AC75-4612CB69EF0B}.Release|Any CPU.ActiveCfg = Release|Any CPU
		{1B2210C9-DF14-434A-AC75-4612CB69EF0B}.Release|Any CPU.Build.0 = Release|Any CPU
		{B80F0BB4-08BF-47CF-89E3-B490F9D79A67}.Debug|Any CPU.ActiveCfg = Debug|Any CPU
		{B80F0BB4-08BF-47CF-89E3-B490F9D79A67}.Debug|Any CPU.Build.0 = Debug|Any CPU
		{B80F0BB4-08BF-47CF-89E3-B490F9D79A67}.Release|Any CPU.ActiveCfg = Release|Any CPU
		{B80F0BB4-08BF-47CF-89E3-B490F9D79A67}.Release|Any CPU.Build.0 = Release|Any CPU
		{C1207E74-AEF7-439B-8231-480C2E1B7213}.Debug|Any CPU.ActiveCfg = Debug|Any CPU
		{C1207E74-AEF7-439B-8231-480C2E1B7213}.Debug|Any CPU.Build.0 = Debug|Any CPU
		{C1207E74-AEF7-439B-8231-480C2E1B7213}.Release|Any CPU.ActiveCfg = Release|Any CPU
		{C1207E74-AEF7-439B-8231-480C2E1B7213}.Release|Any CPU.Build.0 = Release|Any CPU
	EndGlobalSection
	GlobalSection(SolutionProperties) = preSolution
		HideSolutionNode = FALSE
	EndGlobalSection
	GlobalSection(ExtensibilityGlobals) = postSolution
		SolutionGuid = {F61188D4-DE45-41BB-A8CF-E135B3E45DB8}
	EndGlobalSection
EndGlobal
